
Microsoft Visual Studio Solution File, Format Version 12.00
# Visual Studio Version 16
VisualStudioVersion = 16.0.31321.278
MinimumVisualStudioVersion = 10.0.40219.1
Project("{FAE04EC0-301F-11D3-BF4B-00C04F79EFBC}") = "RandomPhoneNumberGenerator", "RandomPhoneNumberGenerator\RandomPhoneNumberGenerator.csproj", "{9EAF773D-F9B7-4EEA-9008-EA91704A241E}"
EndProject
Global
	GlobalSection(SolutionConfigurationPlatforms) = preSolution
		Debug|Any CPU = Debug|Any CPU
		Release|Any CPU = Release|Any CPU
	EndGlobalSection
	GlobalSection(ProjectConfigurationPlatforms) = postSolution
		{9EAF773D-F9B7-4EEA-9008-EA91704A241E}.Debug|Any CPU.ActiveCfg = Debug|Any CPU
		{9EAF773D-F9B7-4EEA-9008-EA91704A241E}.Debug|Any CPU.Build.0 = Debug|Any CPU
		{9EAF773D-F9B7-4EEA-9008-EA91704A241E}.Release|Any CPU.ActiveCfg = Release|Any CPU
		{9EAF773D-F9B7-4EEA-9008-EA91704A241E}.Release|Any CPU.Build.0 = Release|Any CPU
	EndGlobalSection
	GlobalSection(SolutionProperties) = preSolution
		HideSolutionNode = FALSE
	EndGlobalSection
	GlobalSection(ExtensibilityGlobals) = postSolution
		SolutionGuid = {8DDCA420-D46A-4C36-99A1-9507682D9531}
	EndGlobalSection
EndGlobal
